{
  "requires": true,
  "lockfileVersion": 1,
  "dependencies": {
    "@fluentui/date-time-utilities": {
      "version": "8.2.2",
      "resolved": "https://registry.npmjs.org/@fluentui/date-time-utilities/-/date-time-utilities-8.2.2.tgz",
      "integrity": "sha512-djHrX/38ty+F93qLQjzmRzPzK598CW9g/RPhQH6GyrFBLPSWM1swYKB5TP6E7FrIf+fT4pVqrNUSYZhgi2rrOQ==",
      "requires": {
        "@fluentui/set-version": "^8.1.4",
        "tslib": "^2.1.0"
      }
    },
    "@fluentui/dom-utilities": {
      "version": "2.1.4",
      "resolved": "https://registry.npmjs.org/@fluentui/dom-utilities/-/dom-utilities-2.1.4.tgz",
      "integrity": "sha512-+gsAnEjgoKB37o+tsMdSLtgqZ9z2PzpvnHx/2IqhRWjQQd7Xc7MbQsbZaQ5qfkioFHLnWGc/+WORpqKPy/sWrg==",
      "requires": {
        "@fluentui/set-version": "^8.1.4",
        "tslib": "^2.1.0"
      }
    },
    "@fluentui/font-icons-mdl2": {
      "version": "8.1.8",
      "resolved": "https://registry.npmjs.org/@fluentui/font-icons-mdl2/-/font-icons-mdl2-8.1.8.tgz",
      "integrity": "sha512-kZkCHM/mP8WWLLExz3x3wK5yQHPP4tAcvlHVqe69TbG8+3fxRGJSMOxzZO/04CFQp2A7/wOskSRtqeIBtaXJfw==",
      "requires": {
        "@fluentui/set-version": "^8.1.4",
        "@fluentui/style-utilities": "^8.2.2",
        "tslib": "^2.1.0"
      }
    },
    "@fluentui/foundation-legacy": {
      "version": "8.1.8",
      "resolved": "https://registry.npmjs.org/@fluentui/foundation-legacy/-/foundation-legacy-8.1.8.tgz",
      "integrity": "sha512-m0zbRbZaJbzBjv8Ziv3zpwoGFjuzzPIAmhsn58g66MZvQBd9vN92hFJBNG2bO2+ivlprns4WnLEAiPK8CjoAsA==",
      "requires": {
        "@fluentui/merge-styles": "^8.1.4",
        "@fluentui/set-version": "^8.1.4",
        "@fluentui/style-utilities": "^8.2.2",
        "@fluentui/utilities": "^8.2.2",
        "tslib": "^2.1.0"
      }
    },
    "@fluentui/keyboard-key": {
      "version": "0.3.4",
      "resolved": "https://registry.npmjs.org/@fluentui/keyboard-key/-/keyboard-key-0.3.4.tgz",
      "integrity": "sha512-pVY2m3IC5+LLmMzsaPApX9eKTzpOzdgQwrR3FNTE6mGx3N/+QWYM7fdF+T1ldZQt87dCRSeQnmAo5kqjtxeA/w==",
      "requires": {
        "tslib": "^2.1.0"
      }
    },
    "@fluentui/merge-styles": {
      "version": "8.1.4",
      "resolved": "https://registry.npmjs.org/@fluentui/merge-styles/-/merge-styles-8.1.4.tgz",
      "integrity": "sha512-zCAEjZyALk0CGW1H9YNJU+e/MW0P5sFJfrDvac27K4S/dIQvKnOwMUNOWRkNz3yUEt0R9vo0NtiO3cW04cZq3A==",
      "requires": {
        "@fluentui/set-version": "^8.1.4",
        "tslib": "^2.1.0"
      }
    },
    "@fluentui/react": {
      "version": "8.27.1",
      "resolved": "https://registry.npmjs.org/@fluentui/react/-/react-8.27.1.tgz",
      "integrity": "sha512-OEqFaJX2zdqqNHSeWCuQhlXzS0aeuqu1gT7Oe4hvEwuK7u22X+r9kBV7VRwjDooILGx/3uR59ln6poupO2DofQ==",
      "requires": {
        "@fluentui/date-time-utilities": "^8.2.2",
        "@fluentui/font-icons-mdl2": "^8.1.8",
        "@fluentui/foundation-legacy": "^8.1.8",
        "@fluentui/merge-styles": "^8.1.4",
        "@fluentui/react-focus": "^8.1.10",
        "@fluentui/react-hooks": "^8.2.6",
        "@fluentui/react-window-provider": "^2.1.4",
        "@fluentui/set-version": "^8.1.4",
        "@fluentui/style-utilities": "^8.2.2",
        "@fluentui/theme": "^2.2.1",
        "@fluentui/utilities": "^8.2.2",
        "@microsoft/load-themed-styles": "^1.10.26",
        "tslib": "^2.1.0"
      }
    },
    "@fluentui/react-focus": {
      "version": "8.1.10",
      "resolved": "https://registry.npmjs.org/@fluentui/react-focus/-/react-focus-8.1.10.tgz",
      "integrity": "sha512-sojXA6epu2QJbFf+XqP1AHOrrWssoQJWJNuzp0MCzQOWCUlLLqRpRUHtUKZzCnrbD9G5MOW8/192m/rSPyM7eA==",
      "requires": {
        "@fluentui/keyboard-key": "^0.3.4",
        "@fluentui/merge-styles": "^8.1.4",
        "@fluentui/set-version": "^8.1.4",
        "@fluentui/style-utilities": "^8.2.2",
        "@fluentui/utilities": "^8.2.2",
        "tslib": "^2.1.0"
      }
    },
    "@fluentui/react-hooks": {
      "version": "8.2.6",
      "resolved": "https://registry.npmjs.org/@fluentui/react-hooks/-/react-hooks-8.2.6.tgz",
      "integrity": "sha512-nz0iycSUmGX6eBKsmW23ocmKn/HdV7c8HnMHx5fcGIQbOqOH8Hv4wq8t3RozsZBapIi/nDjpZs2UvB4zDFsg1g==",
      "requires": {
        "@fluentui/react-window-provider": "^2.1.4",
        "@fluentui/set-version": "^8.1.4",
        "@fluentui/utilities": "^8.2.2",
        "tslib": "^2.1.0"
      }
    },
    "@fluentui/react-window-provider": {
      "version": "2.1.4",
      "resolved": "https://registry.npmjs.org/@fluentui/react-window-provider/-/react-window-provider-2.1.4.tgz",
      "integrity": "sha512-RztmJ7ol2eMDr3NCs2OcAA1cQjZdPPUEa4aurgh4Aq+JM/BiY0aK6S4SeFtVD7F8Q7PBOz/xwOG4HlnSMQtlsg==",
      "requires": {
        "@fluentui/set-version": "^8.1.4",
        "tslib": "^2.1.0"
      }
    },
    "@fluentui/set-version": {
      "version": "8.1.4",
      "resolved": "https://registry.npmjs.org/@fluentui/set-version/-/set-version-8.1.4.tgz",
      "integrity": "sha512-2otMyJ+s+W+hjBD4BKjwYKKinJUDeIKYKz93qKrrJS0i3fKfftNroy9dHFlIblZ7n747L334plLi3bzQO1bnvA==",
      "requires": {
        "tslib": "^2.1.0"
      }
    },
    "@fluentui/style-utilities": {
      "version": "8.2.2",
      "resolved": "https://registry.npmjs.org/@fluentui/style-utilities/-/style-utilities-8.2.2.tgz",
      "integrity": "sha512-PKixlYfY93XOZRPNi+I8Qw9SkcBZsnG/qg2+3IxLGXpCVYKOmP52oR7N5j/nmspQZXdEoHehYa2z/lsKC2xw1w==",
      "requires": {
        "@fluentui/merge-styles": "^8.1.4",
        "@fluentui/set-version": "^8.1.4",
        "@fluentui/theme": "^2.2.1",
        "@fluentui/utilities": "^8.2.2",
        "@microsoft/load-themed-styles": "^1.10.26",
        "tslib": "^2.1.0"
      }
    },
    "@fluentui/theme": {
      "version": "2.2.1",
      "resolved": "https://registry.npmjs.org/@fluentui/theme/-/theme-2.2.1.tgz",
      "integrity": "sha512-1G92TftVulrGXklL5upaN/WrrSzY/va39RM1eo0XO/Q3+kAhAajclQAXb7XanqOsVFcAqK1DbVvWayrY9DG2Qg==",
      "requires": {
        "@fluentui/merge-styles": "^8.1.4",
        "@fluentui/set-version": "^8.1.4",
        "@fluentui/utilities": "^8.2.2",
        "tslib": "^2.1.0"
      }
    },
    "@fluentui/utilities": {
      "version": "8.2.2",
      "resolved": "https://registry.npmjs.org/@fluentui/utilities/-/utilities-8.2.2.tgz",
      "integrity": "sha512-aM2/CgoTIssMDs7MoTla+q/VXN5Gkk4s12S8GZNp87cmEzDy008tKkiRpHj6PXZuvJL5bctZco9YQgusO0jZEg==",
      "requires": {
        "@fluentui/dom-utilities": "^2.1.4",
        "@fluentui/merge-styles": "^8.1.4",
        "@fluentui/set-version": "^8.1.4",
        "tslib": "^2.1.0"
      }
    },
    "@microsoft/load-themed-styles": {
      "version": "1.10.197",
      "resolved": "https://registry.npmjs.org/@microsoft/load-themed-styles/-/load-themed-styles-1.10.197.tgz",
      "integrity": "sha512-w/RyqDpXR5unGjcFpzla6CE4L/r6AMbVkrxbK8Xq4Wl1GMfmK/5YWUz0wdCBHqCb+FuhQKni+ThGPti2pzI2mg=="
    },
    "tslib": {
      "version": "2.3.0",
      "resolved": "https://registry.npmjs.org/tslib/-/tslib-2.3.0.tgz",
      "integrity": "sha512-N82ooyxVNm6h1riLCoyS9e3fuJ3AMG2zIZs2Gd1ATcSFjSA23Q0fzjjZeh0jbJvWVDZ0cJT8yaNNaaXHzueNjg=="
    }
  }
}
